// !$*UTF8*$!
{
	archiveVersion = 1;
	classes = {
	};
	objectVersion = 50;
	objects = {

/* Begin PBXBuildFile section */
		84A6E3EC25DA5ECA00806DFF /* AppDelegate.swift in Sources */ = {isa = PBXBuildFile; fileRef = 84A6E3EB25DA5ECA00806DFF /* AppDelegate.swift */; };
		84A6E3EE25DA5ECA00806DFF /* SceneDelegate.swift in Sources */ = {isa = PBXBuildFile; fileRef = 84A6E3ED25DA5ECA00806DFF /* SceneDelegate.swift */; };
		84A6E3F025DA5ECA00806DFF /* ViewController.swift in Sources */ = {isa = PBXBuildFile; fileRef = 84A6E3EF25DA5ECA00806DFF /* ViewController.swift */; };
		84A6E3F325DA5ECA00806DFF /* Main.storyboard in Resources */ = {isa = PBXBuildFile; fileRef = 84A6E3F125DA5ECA00806DFF /* Main.storyboard */; };
		84A6E3F525DA5ECB00806DFF /* Assets.xcassets in Resources */ = {isa = PBXBuildFile; fileRef = 84A6E3F425DA5ECB00806DFF /* Assets.xcassets */; };
		84A6E3F825DA5ECB00806DFF /* LaunchScreen.storyboard in Resources */ = {isa = PBXBuildFile; fileRef = 84A6E3F625DA5ECB00806DFF /* LaunchScreen.storyboard */; };
/* End PBXBuildFile section */

/* Begin PBXFileReference section */
		84A6E3E825DA5ECA00806DFF /* walkingDay.app */ = {isa = PBXFileReference; explicitFileType = wrapper.application; includeInIndex = 0; path = walkingDay.app; sourceTree = BUILT_PRODUCTS_DIR; };
		84A6E3EB25DA5ECA00806DFF /* AppDelegate.swift */ = {isa = PBXFileReference; lastKnownFileType = sourcecode.swift; path = AppDelegate.swift; sourceTree = "<group>"; };
		84A6E3ED25DA5ECA00806DFF /* SceneDelegate.swift */ = {isa = PBXFileReference; lastKnownFileType = sourcecode.swift; path = SceneDelegate.swift; sourceTree = "<group>"; };
		84A6E3EF25DA5ECA00806DFF /* ViewController.swift */ = {isa = PBXFileReference; lastKnownFileType = sourcecode.swift; path = ViewController.swift; sourceTree = "<group>"; };
		84A6E3F225DA5ECA00806DFF /* Base */ = {isa = PBXFileReference; lastKnownFileType = file.storyboard; name = Base; path = Base.lproj/Main.storyboard; sourceTree = "<group>"; };
		84A6E3F425DA5ECB00806DFF /* Assets.xcassets */ = {isa = PBXFileReference; lastKnownFileType = folder.assetcatalog; path = Assets.xcassets; sourceTree = "<group>"; };
		84A6E3F725DA5ECB00806DFF /* Base */ = {isa = PBXFileReference; lastKnownFileType = file.storyboard; name = Base; path = Base.lproj/LaunchScreen.storyboard; sourceTree = "<group>"; };
		84A6E3F925DA5ECB00806DFF /* Info.plist */ = {isa = PBXFileReference; lastKnownFileType = text.plist.xml; path = Info.plist; sourceTree = "<group>"; };
/* End PBXFileReference section */

/* Begin PBXFrameworksBuildPhase section */
		84A6E3E525DA5ECA00806DFF /* Frameworks */ = {
			isa = PBXFrameworksBuildPhase;
			buildActionMask = 2147483647;
			files = (
			);
			runOnlyForDeploymentPostprocessing = 0;
		};
/* End PBXFrameworksBuildPhase section */

/* Begin PBXGroup section */
		84A6E3DF25DA5ECA00806DFF = {
			isa = PBXGroup;
			children = (
				84A6E3EA25DA5ECA00806DFF /* walkingDay */,
				84A6E3E925DA5ECA00806DFF /* Products */,
			);
			sourceTree = "<group>";
		};
		84A6E3E925DA5ECA00806DFF /* Products */ = {
			isa = PBXGroup;
			children = (
				84A6E3E825DA5ECA00806DFF /* walkingDay.app */,
			);
			name = Products;
			sourceTree = "<group>";
		};
		84A6E3EA25DA5ECA00806DFF /* walkingDay */ = {
			isa = PBXGroup;
			children = (
				84A6E3EB25DA5ECA00806DFF /* AppDelegate.swift */,
				84A6E3ED25DA5ECA00806DFF /* SceneDelegate.swift */,
				84A6E3EF25DA5ECA00806DFF /* ViewController.swift */,
				84A6E3F125DA5ECA00806DFF /* Main.storyboard */,
				84A6E3F425DA5ECB00806DFF /* Assets.xcassets */,
				84A6E3F625DA5ECB00806DFF /* LaunchScreen.storyboard */,
				84A6E3F925DA5ECB00806DFF /* Info.plist */,
			);
			path = walkingDay;
			sourceTree = "<group>";
		};
/* End PBXGroup section */

/* Begin PBXNativeTarget section */
		84A6E3E725DA5ECA00806DFF /* walkingDay */ = {
			isa = PBXNativeTarget;
			buildConfigurationList = 84A6E3FC25DA5ECB00806DFF /* Build configuration list for PBXNativeTarget "walkingDay" */;
			buildPhases = (
				84A6E3E425DA5ECA00806DFF /* Sources */,
				84A6E3E525DA5ECA00806DFF /* Frameworks */,
				84A6E3E625DA5ECA00806DFF /* Resources */,
			);
			buildRules = (
			);
			dependencies = (
			);
			name = walkingDay;
			productName = walkingDay;
			productReference = 84A6E3E825DA5ECA00806DFF /* walkingDay.app */;
			productType = "com.apple.product-type.application";
		};
/* End PBXNativeTarget section */

/* Begin PBXProject section */
		84A6E3E025DA5ECA00806DFF /* Project object */ = {
			isa = PBXProject;
			attributes = {
				LastSwiftUpdateCheck = 1240;
				LastUpgradeCheck = 1240;
				TargetAttributes = {
					84A6E3E725DA5ECA00806DFF = {
						CreatedOnToolsVersion = 12.4;
					};
				};
			};
			buildConfigurationList = 84A6E3E325DA5ECA00806DFF /* Build configuration list for PBXProject "walkingDay" */;
			compatibilityVersion = "Xcode 9.3";
			developmentRegion = en;
			hasScannedForEncodings = 0;
			knownRegions = (
				en,
				Base,
			);
			mainGroup = 84A6E3DF25DA5ECA00806DFF;
			productRefGroup = 84A6E3E925DA5ECA00806DFF /* Products */;
			projectDirPath = "";
			projectRoot = "";
			targets = (
				84A6E3E725DA5ECA00806DFF /* walkingDay */,
			);
		};
/* End PBXProject section */

/* Begin PBXResourcesBuildPhase section */
		84A6E3E625DA5ECA00806DFF /* Resources */ = {
			isa = PBXResourcesBuildPhase;
			buildActionMask = 2147483647;
			files = (
				84A6E3F825DA5ECB00806DFF /* LaunchScreen.storyboard in Resources */,
				84A6E3F525DA5ECB00806DFF /* Assets.xcassets in Resources */,
				84A6E3F325DA5ECA00806DFF /* Main.storyboard in Resources */,
			);
			runOnlyForDeploymentPostprocessing = 0;
		};
/* End PBXResourcesBuildPhase section */

/* Begin PBXSourcesBuildPhase section */
		84A6E3E425DA5ECA00806DFF /* Sources */ = {
			isa = PBXSourcesBuildPhase;
			buildActionMask = 2147483647;
			files = (
				84A6E3F025DA5ECA00806DFF /* ViewController.swift in Sources */,
				84A6E3EC25DA5ECA00806DFF /* AppDelegate.swift in Sources */,
				84A6E3EE25DA5ECA00806DFF /* SceneDelegate.swift in Sources */,
			);
			runOnlyForDeploymentPostprocessing = 0;
		};
/* End PBXSourcesBuildPhase section */

/* Begin PBXVariantGroup section */
		84A6E3F125DA5ECA00806DFF /* Main.storyboard */ = {
			isa = PBXVariantGroup;
			children = (
				84A6E3F225DA5ECA00806DFF /* Base */,
			);
			name = Main.storyboard;
			sourceTree = "<group>";
		};
		84A6E3F625DA5ECB00806DFF /* LaunchScreen.storyboard */ = {
			isa = PBXVariantGroup;
			children = (
				84A6E3F725DA5ECB00806DFF /* Base */,
			);
			name = LaunchScreen.storyboard;
			sourceTree = "<group>";
		};
/* End PBXVariantGroup section */

/* Begin XCBuildConfiguration section */
		84A6E3FA25DA5ECB00806DFF /* Debug */ = {
			isa = XCBuildConfiguration;
			buildSettings = {
				ALWAYS_SEARCH_USER_PATHS = NO;
				CLANG_ANALYZER_NONNULL = YES;
				CLANG_ANALYZER_NUMBER_OBJECT_CONVERSION = YES_AGGRESSIVE;
				CLANG_CXX_LANGUAGE_STANDARD = "gnu++14";
				CLANG_CXX_LIBRARY = "libc++";
				CLANG_ENABLE_MODULES = YES;
				CLANG_ENABLE_OBJC_ARC = YES;
				CLANG_ENABLE_OBJC_WEAK = YES;
				CLANG_WARN_BLOCK_CAPTURE_AUTORELEASING = YES;
				CLANG_WARN_BOOL_CONVERSION = YES;
				CLANG_WARN_COMMA = YES;
				CLANG_WARN_CONSTANT_CONVERSION = YES;
				CLANG_WARN_DEPRECATED_OBJC_IMPLEMENTATIONS = YES;
				CLANG_WARN_DIRECT_OBJC_ISA_USAGE = YES_ERROR;
				CLANG_WARN_DOCUMENTATION_COMMENTS = YES;
				CLANG_WARN_EMPTY_BODY = YES;
				CLANG_WARN_ENUM_CONVERSION = YES;
				CLANG_WARN_INFINITE_RECURSION = YES;
				CLANG_WARN_INT_CONVERSION = YES;
				CLANG_WARN_NON_LITERAL_NULL_CONVERSION = YES;
				CLANG_WARN_OBJC_IMPLICIT_RETAIN_SELF = YES;
				CLANG_WARN_OBJC_LITERAL_CONVERSION = YES;
				CLANG_WARN_OBJC_ROOT_CLASS = YES_ERROR;
				CLANG_WARN_QUOTED_INCLUDE_IN_FRAMEWORK_HEADER = YES;
				CLANG_WARN_RANGE_LOOP_ANALYSIS = YES;
				CLANG_WARN_STRICT_PROTOTYPES = YES;
				CLANG_WARN_SUSPICIOUS_MOVE = YES;
				CLANG_WARN_UNGUARDED_AVAILABILITY = YES_AGGRESSIVE;
				CLANG_WARN_UNREACHABLE_CODE = YES;
				CLANG_WARN__DUPLICATE_METHOD_MATCH = YES;
				COPY_PHASE_STRIP = NO;
				DEBUG_INFORMATION_FORMAT = dwarf;
				ENABLE_STRICT_OBJC_MSGSEND = YES;
				ENABLE_TESTABILITY = YES;
				GCC_C_LANGUAGE_STANDARD = gnu11;
				GCC_DYNAMIC_NO_PIC = NO;
				GCC_NO_COMMON_BLOCKS = YES;
				GCC_OPTIMIZATION_LEVEL = 0;
				GCC_PREPROCESSOR_DEFINITIONS = (
					"DEBUG=1",
					"$(inherited)",
				);
				GCC_WARN_64_TO_32_BIT_CONVERSION = YES;
				GCC_WARN_ABOUT_RETURN_TYPE = YES_ERROR;
				GCC_WARN_UNDECLARED_SELECTOR = YES;
				GCC_WARN_UNINITIALIZED_AUTOS = YES_AGGRESSIVE;
				GCC_WARN_UNUSED_FUNCTION = YES;
				GCC_WARN_UNUSED_VARIABLE = YES;
				IPHONEOS_DEPLOYMENT_TARGET = 14.4;
				MTL_ENABLE_DEBUG_INFO = INCLUDE_SOURCE;
				MTL_FAST_MATH = YES;
				ONLY_ACTIVE_ARCH = YES;
				SDKROOT = iphoneos;
				SWIFT_ACTIVE_COMPILATION_CONDITIONS = DEBUG;
				SWIFT_OPTIMIZATION_LEVEL = "-Onone";
			};
			name = Debug;
		};
		84A6E3FB25DA5ECB00806DFF /* Release */ = {
			isa = XCBuildConfiguration;
			buildSettings = {
				ALWAYS_SEARCH_USER_PATHS = NO;
				CLANG_ANALYZER_NONNULL = YES;
				CLANG_ANALYZER_NUMBER_OBJECT_CONVERSION = YES_AGGRESSIVE;
				CLANG_CXX_LANGUAGE_STANDARD = "gnu++14";
				CLANG_CXX_LIBRARY = "libc++";
				CLANG_ENABLE_MODULES = YES;
				CLANG_ENABLE_OBJC_ARC = YES;
				CLANG_ENABLE_OBJC_WEAK = YES;
				CLANG_WARN_BLOCK_CAPTURE_AUTORELEASING = YES;
				CLANG_WARN_BOOL_CONVERSION = YES;
				CLANG_WARN_COMMA = YES;
				CLANG_WARN_CONSTANT_CONVERSION = YES;
				CLANG_WARN_DEPRECATED_OBJC_IMPLEMENTATIONS = YES;
				CLANG_WARN_DIRECT_OBJC_ISA_USAGE = YES_ERROR;
				CLANG_WARN_DOCUMENTATION_COMMENTS = YES;
				CLANG_WARN_EMPTY_BODY = YES;
				CLANG_WARN_ENUM_CONVERSION = YES;
				CLANG_WARN_INFINITE_RECURSION = YES;
				CLANG_WARN_INT_CONVERSION = YES;
				CLANG_WARN_NON_LITERAL_NULL_CONVERSION = YES;
				CLANG_WARN_OBJC_IMPLICIT_RETAIN_SELF = YES;
				CLANG_WARN_OBJC_LITERAL_CONVERSION = YES;
				CLANG_WARN_OBJC_ROOT_CLASS = YES_ERROR;
				CLANG_WARN_QUOTED_INCLUDE_IN_FRAMEWORK_HEADER = YES;
				CLANG_WARN_RANGE_LOOP_ANALYSIS = YES;
				CLANG_WARN_STRICT_PROTOTYPES = YES;
				CLANG_WARN_SUSPICIOUS_MOVE = YES;
				CLANG_WARN_UNGUARDED_AVAILABILITY = YES_AGGRESSIVE;
				CLANG_WARN_UNREACHABLE_CODE = YES;
				CLANG_WARN__DUPLICATE_METHOD_MATCH = YES;
				COPY_PHASE_STRIP = NO;
				DEBUG_INFORMATION_FORMAT = "dwarf-with-dsym";
				ENABLE_NS_ASSERTIONS = NO;
				ENABLE_STRICT_OBJC_MSGSEND = YES;
				GCC_C_LANGUAGE_STANDARD = gnu11;
				GCC_NO_COMMON_BLOCKS = YES;
				GCC_WARN_64_TO_32_BIT_CONVERSION = YES;
				GCC_WARN_ABOUT_RETURN_TYPE = YES_ERROR;
				GCC_WARN_UNDECLARED_SELECTOR = YES;
				GCC_WARN_UNINITIALIZED_AUTOS = YES_AGGRESSIVE;
				GCC_WARN_UNUSED_FUNCTION = YES;
				GCC_WARN_UNUSED_VARIABLE = YES;
				IPHONEOS_DEPLOYMENT_TARGET = 14.4;
				MTL_ENABLE_DEBUG_INFO = NO;
				MTL_FAST_MATH = YES;
				SDKROOT = iphoneos;
				SWIFT_COMPILATION_MODE = wholemodule;
				SWIFT_OPTIMIZATION_LEVEL = "-O";
				VALIDATE_PRODUCT = YES;
			};
			name = Release;
		};
		84A6E3FD25DA5ECB00806DFF /* Debug */ = {
			isa = XCBuildConfiguration;
			buildSettings = {
				ASSETCATALOG_COMPILER_APPICON_NAME = AppIcon;
				ASSETCATALOG_COMPILER_GLOBAL_ACCENT_COLOR_NAME = AccentColor;
				CODE_SIGN_STYLE = Automatic;
				DEVELOPMENT_TEAM = FWT45ZL3HF;
				INFOPLIST_FILE = walkingDay/Info.plist;
				LD_RUNPATH_SEARCH_PATHS = (
					"$(inherited)",
					"@executable_path/Frameworks",
				);
				PRODUCT_BUNDLE_IDENTIFIER = com.injunHong.walkingDay.walkingDay;
				PRODUCT_NAME = "$(TARGET_NAME)";
				SWIFT_VERSION = 5.0;
				TARGETED_DEVICE_FAMILY = "1,2";
			};
			name = Debug;
		};
		84A6E3FE25DA5ECB00806DFF /* Release */ = {
			isa = XCBuildConfiguration;
			buildSettings = {
				ASSETCATALOG_COMPILER_APPICON_NAME = AppIcon;
				ASSETCATALOG_COMPILER_GLOBAL_ACCENT_COLOR_NAME = AccentColor;
				CODE_SIGN_STYLE = Automatic;
				DEVELOPMENT_TEAM = FWT45ZL3HF;
				INFOPLIST_FILE = walkingDay/Info.plist;
				LD_RUNPATH_SEARCH_PATHS = (
					"$(inherited)",
					"@executable_path/Frameworks",
				);
				PRODUCT_BUNDLE_IDENTIFIER = com.injunHong.walkingDay.walkingDay;
				PRODUCT_NAME = "$(TARGET_NAME)";
				SWIFT_VERSION = 5.0;
				TARGETED_DEVICE_FAMILY = "1,2";
			};
			name = Release;
		};
/* End XCBuildConfiguration section */

/* Begin XCConfigurationList section */
		84A6E3E325DA5ECA00806DFF /* Build configuration list for PBXProject "walkingDay" */ = {
			isa = XCConfigurationList;
			buildConfigurations = (
				84A6E3FA25DA5ECB00806DFF /* Debug */,
				84A6E3FB25DA5ECB00806DFF /* Release */,
			);
			defaultConfigurationIsVisible = 0;
			defaultConfigurationName = Release;
		};
		84A6E3FC25DA5ECB00806DFF /* Build configuration list for PBXNativeTarget "walkingDay" */ = {
			isa = XCConfigurationList;
			buildConfigurations = (
				84A6E3FD25DA5ECB00806DFF /* Debug */,
				84A6E3FE25DA5ECB00806DFF /* Release */,
			);
			defaultConfigurationIsVisible = 0;
			defaultConfigurationName = Release;
		};
/* End XCConfigurationList section */
	};
	rootObject = 84A6E3E025DA5ECA00806DFF /* Project object */;
}
