// !$*UTF8*$!
{
	archiveVersion = 1;
	classes = {
	};
	objectVersion = 52;
	objects = {

/* Begin PBXBuildFile section */
		8411458D25E3FEFF0053165F /* Location.storyboard in Resources */ = {isa = PBXBuildFile; fileRef = 8411458C25E3FEFF0053165F /* Location.storyboard */; };
		8411459025E3FF1F0053165F /* LocationListViewController.swift in Sources */ = {isa = PBXBuildFile; fileRef = 8411458F25E3FF1F0053165F /* LocationListViewController.swift */; };
		8411459425E3FF4B0053165F /* LocationSearchViewController.swift in Sources */ = {isa = PBXBuildFile; fileRef = 8411459325E3FF4B0053165F /* LocationSearchViewController.swift */; };
		8415F84225DFFB80004EF3BF /* LoadingHUD.swift in Sources */ = {isa = PBXBuildFile; fileRef = 8415F84125DFFB80004EF3BF /* LoadingHUD.swift */; };
		8419295125E6AE4700D3F5B5 /* AirDetailCollectionViewCell.swift in Sources */ = {isa = PBXBuildFile; fileRef = 8419294F25E6AE4700D3F5B5 /* AirDetailCollectionViewCell.swift */; };
		8419295225E6AE4700D3F5B5 /* AirDetailCollectionViewCell.xib in Resources */ = {isa = PBXBuildFile; fileRef = 8419295025E6AE4700D3F5B5 /* AirDetailCollectionViewCell.xib */; };
		842E33F325EA659500739CE3 /* Settings.storyboard in Resources */ = {isa = PBXBuildFile; fileRef = 842E33F225EA659500739CE3 /* Settings.storyboard */; };
		842E33F625EA65BD00739CE3 /* SettingsViewController.swift in Sources */ = {isa = PBXBuildFile; fileRef = 842E33F525EA65BD00739CE3 /* SettingsViewController.swift */; };
		842F7AA725E49313005736D6 /* LocationListTableViewCell.swift in Sources */ = {isa = PBXBuildFile; fileRef = 842F7AA525E49313005736D6 /* LocationListTableViewCell.swift */; };
		842F7AA825E49313005736D6 /* LocationListTableViewCell.xib in Resources */ = {isa = PBXBuildFile; fileRef = 842F7AA625E49313005736D6 /* LocationListTableViewCell.xib */; };
		8435E8BB25E09F360012F1FB /* MemoDbConfig.swift in Sources */ = {isa = PBXBuildFile; fileRef = 8435E8BA25E09F360012F1FB /* MemoDbConfig.swift */; };
		8435E8BE25E0AAE10012F1FB /* Menu.storyboard in Resources */ = {isa = PBXBuildFile; fileRef = 8435E8BD25E0AAE10012F1FB /* Menu.storyboard */; };
		8435E8C125E0AB530012F1FB /* MenuViewController.swift in Sources */ = {isa = PBXBuildFile; fileRef = 8435E8C025E0AB530012F1FB /* MenuViewController.swift */; };
		8435E8C525E0AD2D0012F1FB /* SingleTableViewCell.swift in Sources */ = {isa = PBXBuildFile; fileRef = 8435E8C325E0AD2D0012F1FB /* SingleTableViewCell.swift */; };
		8435E8C625E0AD2D0012F1FB /* SingleTableViewCell.xib in Resources */ = {isa = PBXBuildFile; fileRef = 8435E8C425E0AD2D0012F1FB /* SingleTableViewCell.xib */; };
		8449E92025E80BB5004754B3 /* HealthkitConfig.swift in Sources */ = {isa = PBXBuildFile; fileRef = 8449E91F25E80BB5004754B3 /* HealthkitConfig.swift */; };
		845D780F25EA7A5E00543151 /* SettingsDetailViewController.swift in Sources */ = {isa = PBXBuildFile; fileRef = 845D780E25EA7A5E00543151 /* SettingsDetailViewController.swift */; };
		845E3C7E25EA05B800EC64FC /* Intro.storyboard in Resources */ = {isa = PBXBuildFile; fileRef = 845E3C7D25EA05B800EC64FC /* Intro.storyboard */; };
		845E3C8125EA060E00EC64FC /* IntroViewController.swift in Sources */ = {isa = PBXBuildFile; fileRef = 845E3C8025EA060E00EC64FC /* IntroViewController.swift */; };
		845E3C8625EA09A500EC64FC /* IntroCollectionViewCell.swift in Sources */ = {isa = PBXBuildFile; fileRef = 845E3C8425EA09A500EC64FC /* IntroCollectionViewCell.swift */; };
		845E3C8725EA09A500EC64FC /* IntroCollectionViewCell.xib in Resources */ = {isa = PBXBuildFile; fileRef = 845E3C8525EA09A500EC64FC /* IntroCollectionViewCell.xib */; };
		845EA95025E8FC3A00ABBFF3 /* SingleBoxTableViewCell.swift in Sources */ = {isa = PBXBuildFile; fileRef = 845EA94E25E8FC3A00ABBFF3 /* SingleBoxTableViewCell.swift */; };
		845EA95125E8FC3A00ABBFF3 /* SingleBoxTableViewCell.xib in Resources */ = {isa = PBXBuildFile; fileRef = 845EA94F25E8FC3A00ABBFF3 /* SingleBoxTableViewCell.xib */; };
		8465C3F225DE47CF0078DEBB /* HealthKit.framework in Frameworks */ = {isa = PBXBuildFile; fileRef = 8465C3F125DE47CF0078DEBB /* HealthKit.framework */; };
		8465C3FD25DE54EB0078DEBB /* WalkCollectionViewCell.swift in Sources */ = {isa = PBXBuildFile; fileRef = 8465C3FB25DE54EB0078DEBB /* WalkCollectionViewCell.swift */; };
		8465C3FE25DE54EB0078DEBB /* WalkCollectionViewCell.xib in Resources */ = {isa = PBXBuildFile; fileRef = 8465C3FC25DE54EB0078DEBB /* WalkCollectionViewCell.xib */; };
		8465C40525DE94ED0078DEBB /* WalkDetailViewController.swift in Sources */ = {isa = PBXBuildFile; fileRef = 8465C40425DE94ED0078DEBB /* WalkDetailViewController.swift */; };
		8467E32925E2A09D00EC6B4E /* LocationConfig.swift in Sources */ = {isa = PBXBuildFile; fileRef = 8467E32825E2A09D00EC6B4E /* LocationConfig.swift */; };
		8476413725DFBC22004DFCA1 /* loadong01.gif in Resources */ = {isa = PBXBuildFile; fileRef = 8476413525DFBC22004DFCA1 /* loadong01.gif */; };
		8476413C25DFD2AD004DFCA1 /* DeviceConfig.swift in Sources */ = {isa = PBXBuildFile; fileRef = 8476413B25DFD2AD004DFCA1 /* DeviceConfig.swift */; };
		8477BC4C25EB20600018C3C0 /* BannerDotCollectionViewCell.swift in Sources */ = {isa = PBXBuildFile; fileRef = 8477BC4A25EB20600018C3C0 /* BannerDotCollectionViewCell.swift */; };
		8477BC4D25EB20600018C3C0 /* BannerDotCollectionViewCell.xib in Resources */ = {isa = PBXBuildFile; fileRef = 8477BC4B25EB20600018C3C0 /* BannerDotCollectionViewCell.xib */; };
		8485F99E25DD8C7E0021F35A /* SwiftyGif in Frameworks */ = {isa = PBXBuildFile; productRef = 8485F99D25DD8C7E0021F35A /* SwiftyGif */; };
		8485F9B525DDA7CE0021F35A /* sunMask@3x.gif in Resources */ = {isa = PBXBuildFile; fileRef = 8485F9AF25DDA7CD0021F35A /* sunMask@3x.gif */; };
		8485F9B625DDA7CE0021F35A /* snow@3x.gif in Resources */ = {isa = PBXBuildFile; fileRef = 8485F9B025DDA7CD0021F35A /* snow@3x.gif */; };
		8485F9B725DDA7CE0021F35A /* sun@3x.gif in Resources */ = {isa = PBXBuildFile; fileRef = 8485F9B125DDA7CD0021F35A /* sun@3x.gif */; };
		8485F9B825DDA7CE0021F35A /* snowMask@3x.gif in Resources */ = {isa = PBXBuildFile; fileRef = 8485F9B225DDA7CE0021F35A /* snowMask@3x.gif */; };
		8485F9D125DDAA6F0021F35A /* rain@3x.gif in Resources */ = {isa = PBXBuildFile; fileRef = 8485F9CF25DDAA6E0021F35A /* rain@3x.gif */; };
		8485F9D225DDAA6F0021F35A /* rainMask@3x.gif in Resources */ = {isa = PBXBuildFile; fileRef = 8485F9D025DDAA6F0021F35A /* rainMask@3x.gif */; };
		8489964425E873A000031883 /* Weather.storyboard in Resources */ = {isa = PBXBuildFile; fileRef = 8489964325E873A000031883 /* Weather.storyboard */; };
		8489964825E8745A00031883 /* WeatherDetailViewController.swift in Sources */ = {isa = PBXBuildFile; fileRef = 8489964725E8745A00031883 /* WeatherDetailViewController.swift */; };
		84919AD225E735C5006FA80C /* dust02@3x.gif in Resources */ = {isa = PBXBuildFile; fileRef = 84919AC925E735C4006FA80C /* dust02@3x.gif */; };
		84919AD325E735C5006FA80C /* dust03@3x.gif in Resources */ = {isa = PBXBuildFile; fileRef = 84919ACA25E735C4006FA80C /* dust03@3x.gif */; };
		84919AD425E735C5006FA80C /* dust04@3x.gif in Resources */ = {isa = PBXBuildFile; fileRef = 84919ACB25E735C4006FA80C /* dust04@3x.gif */; };
		84919AD525E735C5006FA80C /* dust01@3x.gif in Resources */ = {isa = PBXBuildFile; fileRef = 84919ACC25E735C4006FA80C /* dust01@3x.gif */; };
		84919AD725E735C5006FA80C /* weather_snow@3x.gif in Resources */ = {isa = PBXBuildFile; fileRef = 84919ACE25E735C5006FA80C /* weather_snow@3x.gif */; };
		84919AD825E735C5006FA80C /* weather_rain@3x.gif in Resources */ = {isa = PBXBuildFile; fileRef = 84919ACF25E735C5006FA80C /* weather_rain@3x.gif */; };
		84919AD925E735C5006FA80C /* weather_sun@3x.gif in Resources */ = {isa = PBXBuildFile; fileRef = 84919AD025E735C5006FA80C /* weather_sun@3x.gif */; };
		84919ADA25E735C5006FA80C /* weather_cloudy@3x.gif in Resources */ = {isa = PBXBuildFile; fileRef = 84919AD125E735C5006FA80C /* weather_cloudy@3x.gif */; };
		849E354825E5394E00189965 /* LocationDbConfig.swift in Sources */ = {isa = PBXBuildFile; fileRef = 849E354725E5394E00189965 /* LocationDbConfig.swift */; };
		84A244FA25E7A3AB00707C64 /* WeatherApiConfig.swift in Sources */ = {isa = PBXBuildFile; fileRef = 84A244F925E7A3AB00707C64 /* WeatherApiConfig.swift */; };
		84A6E3EC25DA5ECA00806DFF /* AppDelegate.swift in Sources */ = {isa = PBXBuildFile; fileRef = 84A6E3EB25DA5ECA00806DFF /* AppDelegate.swift */; };
		84A6E3EE25DA5ECA00806DFF /* SceneDelegate.swift in Sources */ = {isa = PBXBuildFile; fileRef = 84A6E3ED25DA5ECA00806DFF /* SceneDelegate.swift */; };
		84A6E3F025DA5ECA00806DFF /* ViewController.swift in Sources */ = {isa = PBXBuildFile; fileRef = 84A6E3EF25DA5ECA00806DFF /* ViewController.swift */; };
		84A6E3F325DA5ECA00806DFF /* Main.storyboard in Resources */ = {isa = PBXBuildFile; fileRef = 84A6E3F125DA5ECA00806DFF /* Main.storyboard */; };
		84A6E3F525DA5ECB00806DFF /* Assets.xcassets in Resources */ = {isa = PBXBuildFile; fileRef = 84A6E3F425DA5ECB00806DFF /* Assets.xcassets */; };
		84A6E3F825DA5ECB00806DFF /* LaunchScreen.storyboard in Resources */ = {isa = PBXBuildFile; fileRef = 84A6E3F625DA5ECB00806DFF /* LaunchScreen.storyboard */; };
		84A6E40325DA5F1F00806DFF /* FSCalendar in Frameworks */ = {isa = PBXBuildFile; productRef = 84A6E40225DA5F1F00806DFF /* FSCalendar */; };
		84A6E40725DA5F5D00806DFF /* IQKeyboardManagerSwift in Frameworks */ = {isa = PBXBuildFile; productRef = 84A6E40625DA5F5D00806DFF /* IQKeyboardManagerSwift */; };
		84A6E41625DA632300806DFF /* Home.storyboard in Resources */ = {isa = PBXBuildFile; fileRef = 84A6E41525DA632300806DFF /* Home.storyboard */; };
		84A6E41925DA633700806DFF /* HomeViewController.swift in Sources */ = {isa = PBXBuildFile; fileRef = 84A6E41825DA633700806DFF /* HomeViewController.swift */; };
		84A6E41C25DA64D800806DFF /* PopupDatePickerViewController.swift in Sources */ = {isa = PBXBuildFile; fileRef = 84A6E41B25DA64D800806DFF /* PopupDatePickerViewController.swift */; };
		84A6E41F25DA652900806DFF /* DefaultBtn.swift in Sources */ = {isa = PBXBuildFile; fileRef = 84A6E41E25DA652900806DFF /* DefaultBtn.swift */; };
		84A6E42225DA653500806DFF /* SubViewBackgroundDesign.swift in Sources */ = {isa = PBXBuildFile; fileRef = 84A6E42125DA653500806DFF /* SubViewBackgroundDesign.swift */; };
		84A6E42625DA659C00806DFF /* TodoListDetailViewController.swift in Sources */ = {isa = PBXBuildFile; fileRef = 84A6E42425DA659C00806DFF /* TodoListDetailViewController.swift */; };
		84A6E42725DA659C00806DFF /* TodoListViewController.swift in Sources */ = {isa = PBXBuildFile; fileRef = 84A6E42525DA659C00806DFF /* TodoListViewController.swift */; };
		84A6E42A25DA65F900806DFF /* Todo.storyboard in Resources */ = {isa = PBXBuildFile; fileRef = 84A6E42925DA65F900806DFF /* Todo.storyboard */; };
		84A6E42D25DA681600806DFF /* PopupView.storyboard in Resources */ = {isa = PBXBuildFile; fileRef = 84A6E42C25DA681600806DFF /* PopupView.storyboard */; };
		84A6E43025DA68BE00806DFF /* Extension.swift in Sources */ = {isa = PBXBuildFile; fileRef = 84A6E42F25DA68BE00806DFF /* Extension.swift */; };
		84A6E43625DA6AEF00806DFF /* TodoTableViewCell.swift in Sources */ = {isa = PBXBuildFile; fileRef = 84A6E43425DA6AEF00806DFF /* TodoTableViewCell.swift */; };
		84A6E43725DA6AEF00806DFF /* TodoTableViewCell.xib in Resources */ = {isa = PBXBuildFile; fileRef = 84A6E43525DA6AEF00806DFF /* TodoTableViewCell.xib */; };
		84A6E43B25DA6B1400806DFF /* TodoInsertTableViewCell.swift in Sources */ = {isa = PBXBuildFile; fileRef = 84A6E43925DA6B1400806DFF /* TodoInsertTableViewCell.swift */; };
		84A6E43C25DA6B1400806DFF /* TodoInsertTableViewCell.xib in Resources */ = {isa = PBXBuildFile; fileRef = 84A6E43A25DA6B1400806DFF /* TodoInsertTableViewCell.xib */; };
		84A6E44425DA77FB00806DFF /* PopupPickerViewController.swift in Sources */ = {isa = PBXBuildFile; fileRef = 84A6E44325DA77FB00806DFF /* PopupPickerViewController.swift */; };
		84A6E44A25DA93DF00806DFF /* Realm in Frameworks */ = {isa = PBXBuildFile; productRef = 84A6E44925DA93DF00806DFF /* Realm */; };
		84A6E44C25DA93DF00806DFF /* RealmSwift in Frameworks */ = {isa = PBXBuildFile; productRef = 84A6E44B25DA93DF00806DFF /* RealmSwift */; };
		84A6E44F25DA944E00806DFF /* RealmModel.swift in Sources */ = {isa = PBXBuildFile; fileRef = 84A6E44E25DA944E00806DFF /* RealmModel.swift */; };
		84B1BCEE25DEC13800DACF89 /* StartViewController.swift in Sources */ = {isa = PBXBuildFile; fileRef = 84B1BCED25DEC13800DACF89 /* StartViewController.swift */; };
		84EA838F25E639E300C60294 /* SwiftyJSON in Frameworks */ = {isa = PBXBuildFile; productRef = 84EA838E25E639E300C60294 /* SwiftyJSON */; };
		84EA839325E63A2B00C60294 /* Alamofire in Frameworks */ = {isa = PBXBuildFile; productRef = 84EA839225E63A2B00C60294 /* Alamofire */; };
		84EA839625E6491100C60294 /* AirApiConfig.swift in Sources */ = {isa = PBXBuildFile; fileRef = 84EA839525E6491100C60294 /* AirApiConfig.swift */; };
		84EA839A25E6A86300C60294 /* Air.storyboard in Resources */ = {isa = PBXBuildFile; fileRef = 84EA839925E6A86300C60294 /* Air.storyboard */; };
		84EA839D25E6A88000C60294 /* AirDetailViewController.swift in Sources */ = {isa = PBXBuildFile; fileRef = 84EA839C25E6A88000C60294 /* AirDetailViewController.swift */; };
/* End PBXBuildFile section */

/* Begin PBXFileReference section */
		8407308A25EDD6AD008CBA48 /* ko */ = {isa = PBXFileReference; lastKnownFileType = file.storyboard; name = ko; path = ko.lproj/Main.storyboard; sourceTree = "<group>"; };
		8407308B25EDD6B0008CBA48 /* ko */ = {isa = PBXFileReference; lastKnownFileType = file.storyboard; name = ko; path = ko.lproj/LaunchScreen.storyboard; sourceTree = "<group>"; };
		8411458C25E3FEFF0053165F /* Location.storyboard */ = {isa = PBXFileReference; lastKnownFileType = file.storyboard; path = Location.storyboard; sourceTree = "<group>"; };
		8411458F25E3FF1F0053165F /* LocationListViewController.swift */ = {isa = PBXFileReference; lastKnownFileType = sourcecode.swift; path = LocationListViewController.swift; sourceTree = "<group>"; };
		8411459325E3FF4B0053165F /* LocationSearchViewController.swift */ = {isa = PBXFileReference; lastKnownFileType = sourcecode.swift; path = LocationSearchViewController.swift; sourceTree = "<group>"; };
		8415F84125DFFB80004EF3BF /* LoadingHUD.swift */ = {isa = PBXFileReference; lastKnownFileType = sourcecode.swift; path = LoadingHUD.swift; sourceTree = "<group>"; };
		8419294F25E6AE4700D3F5B5 /* AirDetailCollectionViewCell.swift */ = {isa = PBXFileReference; lastKnownFileType = sourcecode.swift; path = AirDetailCollectionViewCell.swift; sourceTree = "<group>"; };
		8419295025E6AE4700D3F5B5 /* AirDetailCollectionViewCell.xib */ = {isa = PBXFileReference; lastKnownFileType = file.xib; path = AirDetailCollectionViewCell.xib; sourceTree = "<group>"; };
		842E33F225EA659500739CE3 /* Settings.storyboard */ = {isa = PBXFileReference; lastKnownFileType = file.storyboard; path = Settings.storyboard; sourceTree = "<group>"; };
		842E33F525EA65BD00739CE3 /* SettingsViewController.swift */ = {isa = PBXFileReference; lastKnownFileType = sourcecode.swift; path = SettingsViewController.swift; sourceTree = "<group>"; };
		842F7AA525E49313005736D6 /* LocationListTableViewCell.swift */ = {isa = PBXFileReference; lastKnownFileType = sourcecode.swift; path = LocationListTableViewCell.swift; sourceTree = "<group>"; };
		842F7AA625E49313005736D6 /* LocationListTableViewCell.xib */ = {isa = PBXFileReference; lastKnownFileType = file.xib; path = LocationListTableViewCell.xib; sourceTree = "<group>"; };
		8435E8BA25E09F360012F1FB /* MemoDbConfig.swift */ = {isa = PBXFileReference; lastKnownFileType = sourcecode.swift; path = MemoDbConfig.swift; sourceTree = "<group>"; };
		8435E8BD25E0AAE10012F1FB /* Menu.storyboard */ = {isa = PBXFileReference; lastKnownFileType = file.storyboard; path = Menu.storyboard; sourceTree = "<group>"; };
		8435E8C025E0AB530012F1FB /* MenuViewController.swift */ = {isa = PBXFileReference; lastKnownFileType = sourcecode.swift; path = MenuViewController.swift; sourceTree = "<group>"; };
		8435E8C325E0AD2D0012F1FB /* SingleTableViewCell.swift */ = {isa = PBXFileReference; lastKnownFileType = sourcecode.swift; path = SingleTableViewCell.swift; sourceTree = "<group>"; };
		8435E8C425E0AD2D0012F1FB /* SingleTableViewCell.xib */ = {isa = PBXFileReference; lastKnownFileType = file.xib; path = SingleTableViewCell.xib; sourceTree = "<group>"; };
		8449E91F25E80BB5004754B3 /* HealthkitConfig.swift */ = {isa = PBXFileReference; lastKnownFileType = sourcecode.swift; path = HealthkitConfig.swift; sourceTree = "<group>"; };
		845D780E25EA7A5E00543151 /* SettingsDetailViewController.swift */ = {isa = PBXFileReference; lastKnownFileType = sourcecode.swift; path = SettingsDetailViewController.swift; sourceTree = "<group>"; };
		845E3C7D25EA05B800EC64FC /* Intro.storyboard */ = {isa = PBXFileReference; lastKnownFileType = file.storyboard; path = Intro.storyboard; sourceTree = "<group>"; };
		845E3C8025EA060E00EC64FC /* IntroViewController.swift */ = {isa = PBXFileReference; lastKnownFileType = sourcecode.swift; path = IntroViewController.swift; sourceTree = "<group>"; };
		845E3C8425EA09A500EC64FC /* IntroCollectionViewCell.swift */ = {isa = PBXFileReference; lastKnownFileType = sourcecode.swift; path = IntroCollectionViewCell.swift; sourceTree = "<group>"; };
		845E3C8525EA09A500EC64FC /* IntroCollectionViewCell.xib */ = {isa = PBXFileReference; lastKnownFileType = file.xib; path = IntroCollectionViewCell.xib; sourceTree = "<group>"; };
		845EA94E25E8FC3A00ABBFF3 /* SingleBoxTableViewCell.swift */ = {isa = PBXFileReference; lastKnownFileType = sourcecode.swift; path = SingleBoxTableViewCell.swift; sourceTree = "<group>"; };
		845EA94F25E8FC3A00ABBFF3 /* SingleBoxTableViewCell.xib */ = {isa = PBXFileReference; lastKnownFileType = file.xib; path = SingleBoxTableViewCell.xib; sourceTree = "<group>"; };
		8465C3EF25DE47CF0078DEBB /* walkingDay.entitlements */ = {isa = PBXFileReference; lastKnownFileType = text.plist.entitlements; path = walkingDay.entitlements; sourceTree = "<group>"; };
		8465C3F125DE47CF0078DEBB /* HealthKit.framework */ = {isa = PBXFileReference; lastKnownFileType = wrapper.framework; name = HealthKit.framework; path = System/Library/Frameworks/HealthKit.framework; sourceTree = SDKROOT; };
		8465C3FB25DE54EB0078DEBB /* WalkCollectionViewCell.swift */ = {isa = PBXFileReference; lastKnownFileType = sourcecode.swift; path = WalkCollectionViewCell.swift; sourceTree = "<group>"; };
		8465C3FC25DE54EB0078DEBB /* WalkCollectionViewCell.xib */ = {isa = PBXFileReference; lastKnownFileType = file.xib; path = WalkCollectionViewCell.xib; sourceTree = "<group>"; };
		8465C40425DE94ED0078DEBB /* WalkDetailViewController.swift */ = {isa = PBXFileReference; lastKnownFileType = sourcecode.swift; path = WalkDetailViewController.swift; sourceTree = "<group>"; };
		8467E32825E2A09D00EC6B4E /* LocationConfig.swift */ = {isa = PBXFileReference; lastKnownFileType = sourcecode.swift; path = LocationConfig.swift; sourceTree = "<group>"; };
		8476413525DFBC22004DFCA1 /* loadong01.gif */ = {isa = PBXFileReference; lastKnownFileType = image.gif; path = loadong01.gif; sourceTree = "<group>"; };
		8476413B25DFD2AD004DFCA1 /* DeviceConfig.swift */ = {isa = PBXFileReference; fileEncoding = 4; lastKnownFileType = sourcecode.swift; path = DeviceConfig.swift; sourceTree = "<group>"; };
		8477BC4A25EB20600018C3C0 /* BannerDotCollectionViewCell.swift */ = {isa = PBXFileReference; lastKnownFileType = sourcecode.swift; path = BannerDotCollectionViewCell.swift; sourceTree = "<group>"; };
		8477BC4B25EB20600018C3C0 /* BannerDotCollectionViewCell.xib */ = {isa = PBXFileReference; lastKnownFileType = file.xib; path = BannerDotCollectionViewCell.xib; sourceTree = "<group>"; };
		8485F9AF25DDA7CD0021F35A /* sunMask@3x.gif */ = {isa = PBXFileReference; lastKnownFileType = image.gif; path = "sunMask@3x.gif"; sourceTree = "<group>"; };
		8485F9B025DDA7CD0021F35A /* snow@3x.gif */ = {isa = PBXFileReference; lastKnownFileType = image.gif; path = "snow@3x.gif"; sourceTree = "<group>"; };
		8485F9B125DDA7CD0021F35A /* sun@3x.gif */ = {isa = PBXFileReference; lastKnownFileType = image.gif; path = "sun@3x.gif"; sourceTree = "<group>"; };
		8485F9B225DDA7CE0021F35A /* snowMask@3x.gif */ = {isa = PBXFileReference; lastKnownFileType = image.gif; path = "snowMask@3x.gif"; sourceTree = "<group>"; };
		8485F9CF25DDAA6E0021F35A /* rain@3x.gif */ = {isa = PBXFileReference; lastKnownFileType = image.gif; path = "rain@3x.gif"; sourceTree = "<group>"; };
		8485F9D025DDAA6F0021F35A /* rainMask@3x.gif */ = {isa = PBXFileReference; lastKnownFileType = image.gif; path = "rainMask@3x.gif"; sourceTree = "<group>"; };
		8489964325E873A000031883 /* Weather.storyboard */ = {isa = PBXFileReference; lastKnownFileType = file.storyboard; path = Weather.storyboard; sourceTree = "<group>"; };
		8489964725E8745A00031883 /* WeatherDetailViewController.swift */ = {isa = PBXFileReference; lastKnownFileType = sourcecode.swift; path = WeatherDetailViewController.swift; sourceTree = "<group>"; };
		84919AC925E735C4006FA80C /* dust02@3x.gif */ = {isa = PBXFileReference; lastKnownFileType = image.gif; path = "dust02@3x.gif"; sourceTree = "<group>"; };
		84919ACA25E735C4006FA80C /* dust03@3x.gif */ = {isa = PBXFileReference; lastKnownFileType = image.gif; path = "dust03@3x.gif"; sourceTree = "<group>"; };
		84919ACB25E735C4006FA80C /* dust04@3x.gif */ = {isa = PBXFileReference; lastKnownFileType = image.gif; path = "dust04@3x.gif"; sourceTree = "<group>"; };
		84919ACC25E735C4006FA80C /* dust01@3x.gif */ = {isa = PBXFileReference; lastKnownFileType = image.gif; path = "dust01@3x.gif"; sourceTree = "<group>"; };
		84919ACE25E735C5006FA80C /* weather_snow@3x.gif */ = {isa = PBXFileReference; lastKnownFileType = image.gif; path = "weather_snow@3x.gif"; sourceTree = "<group>"; };
		84919ACF25E735C5006FA80C /* weather_rain@3x.gif */ = {isa = PBXFileReference; lastKnownFileType = image.gif; path = "weather_rain@3x.gif"; sourceTree = "<group>"; };
		84919AD025E735C5006FA80C /* weather_sun@3x.gif */ = {isa = PBXFileReference; lastKnownFileType = image.gif; path = "weather_sun@3x.gif"; sourceTree = "<group>"; };
		84919AD125E735C5006FA80C /* weather_cloudy@3x.gif */ = {isa = PBXFileReference; lastKnownFileType = image.gif; path = "weather_cloudy@3x.gif"; sourceTree = "<group>"; };
		849E354725E5394E00189965 /* LocationDbConfig.swift */ = {isa = PBXFileReference; lastKnownFileType = sourcecode.swift; path = LocationDbConfig.swift; sourceTree = "<group>"; };
		84A244F925E7A3AB00707C64 /* WeatherApiConfig.swift */ = {isa = PBXFileReference; fileEncoding = 4; lastKnownFileType = sourcecode.swift; path = WeatherApiConfig.swift; sourceTree = "<group>"; };
		84A6E3E825DA5ECA00806DFF /* walkingDay.app */ = {isa = PBXFileReference; explicitFileType = wrapper.application; includeInIndex = 0; path = walkingDay.app; sourceTree = BUILT_PRODUCTS_DIR; };
		84A6E3EB25DA5ECA00806DFF /* AppDelegate.swift */ = {isa = PBXFileReference; lastKnownFileType = sourcecode.swift; path = AppDelegate.swift; sourceTree = "<group>"; };
		84A6E3ED25DA5ECA00806DFF /* SceneDelegate.swift */ = {isa = PBXFileReference; lastKnownFileType = sourcecode.swift; path = SceneDelegate.swift; sourceTree = "<group>"; };
		84A6E3EF25DA5ECA00806DFF /* ViewController.swift */ = {isa = PBXFileReference; lastKnownFileType = sourcecode.swift; path = ViewController.swift; sourceTree = "<group>"; };
		84A6E3F425DA5ECB00806DFF /* Assets.xcassets */ = {isa = PBXFileReference; lastKnownFileType = folder.assetcatalog; path = Assets.xcassets; sourceTree = "<group>"; };
		84A6E3F925DA5ECB00806DFF /* Info.plist */ = {isa = PBXFileReference; lastKnownFileType = text.plist.xml; path = Info.plist; sourceTree = "<group>"; };
		84A6E40925DA601F00806DFF /* walkingDay-Bridging-Header.h */ = {isa = PBXFileReference; lastKnownFileType = sourcecode.c.h; path = "walkingDay-Bridging-Header.h"; sourceTree = "<group>"; };
		84A6E41525DA632300806DFF /* Home.storyboard */ = {isa = PBXFileReference; lastKnownFileType = file.storyboard; path = Home.storyboard; sourceTree = "<group>"; };
		84A6E41825DA633700806DFF /* HomeViewController.swift */ = {isa = PBXFileReference; lastKnownFileType = sourcecode.swift; path = HomeViewController.swift; sourceTree = "<group>"; };
		84A6E41B25DA64D800806DFF /* PopupDatePickerViewController.swift */ = {isa = PBXFileReference; fileEncoding = 4; lastKnownFileType = sourcecode.swift; path = PopupDatePickerViewController.swift; sourceTree = "<group>"; };
		84A6E41E25DA652900806DFF /* DefaultBtn.swift */ = {isa = PBXFileReference; fileEncoding = 4; lastKnownFileType = sourcecode.swift; path = DefaultBtn.swift; sourceTree = "<group>"; };
		84A6E42125DA653500806DFF /* SubViewBackgroundDesign.swift */ = {isa = PBXFileReference; fileEncoding = 4; lastKnownFileType = sourcecode.swift; path = SubViewBackgroundDesign.swift; sourceTree = "<group>"; };
		84A6E42425DA659C00806DFF /* TodoListDetailViewController.swift */ = {isa = PBXFileReference; fileEncoding = 4; lastKnownFileType = sourcecode.swift; path = TodoListDetailViewController.swift; sourceTree = "<group>"; };
		84A6E42525DA659C00806DFF /* TodoListViewController.swift */ = {isa = PBXFileReference; fileEncoding = 4; lastKnownFileType = sourcecode.swift; path = TodoListViewController.swift; sourceTree = "<group>"; };
		84A6E42925DA65F900806DFF /* Todo.storyboard */ = {isa = PBXFileReference; fileEncoding = 4; lastKnownFileType = file.storyboard; path = Todo.storyboard; sourceTree = "<group>"; };
		84A6E42C25DA681600806DFF /* PopupView.storyboard */ = {isa = PBXFileReference; lastKnownFileType = file.storyboard; path = PopupView.storyboard; sourceTree = "<group>"; };
		84A6E42F25DA68BE00806DFF /* Extension.swift */ = {isa = PBXFileReference; fileEncoding = 4; lastKnownFileType = sourcecode.swift; path = Extension.swift; sourceTree = "<group>"; };
		84A6E43425DA6AEF00806DFF /* TodoTableViewCell.swift */ = {isa = PBXFileReference; lastKnownFileType = sourcecode.swift; path = TodoTableViewCell.swift; sourceTree = "<group>"; };
		84A6E43525DA6AEF00806DFF /* TodoTableViewCell.xib */ = {isa = PBXFileReference; lastKnownFileType = file.xib; path = TodoTableViewCell.xib; sourceTree = "<group>"; };
		84A6E43925DA6B1400806DFF /* TodoInsertTableViewCell.swift */ = {isa = PBXFileReference; lastKnownFileType = sourcecode.swift; path = TodoInsertTableViewCell.swift; sourceTree = "<group>"; };
		84A6E43A25DA6B1400806DFF /* TodoInsertTableViewCell.xib */ = {isa = PBXFileReference; lastKnownFileType = file.xib; path = TodoInsertTableViewCell.xib; sourceTree = "<group>"; };
		84A6E44325DA77FB00806DFF /* PopupPickerViewController.swift */ = {isa = PBXFileReference; lastKnownFileType = sourcecode.swift; path = PopupPickerViewController.swift; sourceTree = "<group>"; };
		84A6E44E25DA944E00806DFF /* RealmModel.swift */ = {isa = PBXFileReference; fileEncoding = 4; lastKnownFileType = sourcecode.swift; path = RealmModel.swift; sourceTree = "<group>"; };
		84B1BCED25DEC13800DACF89 /* StartViewController.swift */ = {isa = PBXFileReference; lastKnownFileType = sourcecode.swift; path = StartViewController.swift; sourceTree = "<group>"; };
		84EA839525E6491100C60294 /* AirApiConfig.swift */ = {isa = PBXFileReference; lastKnownFileType = sourcecode.swift; path = AirApiConfig.swift; sourceTree = "<group>"; };
		84EA839925E6A86300C60294 /* Air.storyboard */ = {isa = PBXFileReference; lastKnownFileType = file.storyboard; path = Air.storyboard; sourceTree = "<group>"; };
		84EA839C25E6A88000C60294 /* AirDetailViewController.swift */ = {isa = PBXFileReference; lastKnownFileType = sourcecode.swift; path = AirDetailViewController.swift; sourceTree = "<group>"; };
/* End PBXFileReference section */

/* Begin PBXFrameworksBuildPhase section */
		84A6E3E525DA5ECA00806DFF /* Frameworks */ = {
			isa = PBXFrameworksBuildPhase;
			buildActionMask = 2147483647;
			files = (
				84A6E44C25DA93DF00806DFF /* RealmSwift in Frameworks */,
				84EA839325E63A2B00C60294 /* Alamofire in Frameworks */,
				84EA838F25E639E300C60294 /* SwiftyJSON in Frameworks */,
				84A6E44A25DA93DF00806DFF /* Realm in Frameworks */,
				84A6E40325DA5F1F00806DFF /* FSCalendar in Frameworks */,
				8465C3F225DE47CF0078DEBB /* HealthKit.framework in Frameworks */,
				84A6E40725DA5F5D00806DFF /* IQKeyboardManagerSwift in Frameworks */,
				8485F99E25DD8C7E0021F35A /* SwiftyGif in Frameworks */,
			);
			runOnlyForDeploymentPostprocessing = 0;
		};
/* End PBXFrameworksBuildPhase section */

/* Begin PBXGroup section */
		8411458A25E3FEDB0053165F /* Location */ = {
			isa = PBXGroup;
			children = (
				8411459325E3FF4B0053165F /* LocationSearchViewController.swift */,
				8411458F25E3FF1F0053165F /* LocationListViewController.swift */,
				8411458C25E3FEFF0053165F /* Location.storyboard */,
			);
			path = Location;
			sourceTree = "<group>";
		};
		842E33F125EA642800739CE3 /* SettingsPage */ = {
			isa = PBXGroup;
			children = (
				842E33F525EA65BD00739CE3 /* SettingsViewController.swift */,
				845D780E25EA7A5E00543151 /* SettingsDetailViewController.swift */,
				842E33F225EA659500739CE3 /* Settings.storyboard */,
			);
			path = SettingsPage;
			sourceTree = "<group>";
		};
		8435E8B325E09D430012F1FB /* Menu */ = {
			isa = PBXGroup;
			children = (
				8435E8C025E0AB530012F1FB /* MenuViewController.swift */,
				8435E8BD25E0AAE10012F1FB /* Menu.storyboard */,
			);
			path = Menu;
			sourceTree = "<group>";
		};
		845E3C7C25EA057A00EC64FC /* Intro */ = {
			isa = PBXGroup;
			children = (
				845E3C8025EA060E00EC64FC /* IntroViewController.swift */,
				845E3C7D25EA05B800EC64FC /* Intro.storyboard */,
			);
			path = Intro;
			sourceTree = "<group>";
		};
		8465C3F025DE47CF0078DEBB /* Frameworks */ = {
			isa = PBXGroup;
			children = (
				8465C3F125DE47CF0078DEBB /* HealthKit.framework */,
			);
			name = Frameworks;
			sourceTree = "<group>";
		};
		8467E32B25E2A0A500EC6B4E /* config */ = {
			isa = PBXGroup;
			children = (
				84A244F925E7A3AB00707C64 /* WeatherApiConfig.swift */,
				8476413B25DFD2AD004DFCA1 /* DeviceConfig.swift */,
				8435E8BA25E09F360012F1FB /* MemoDbConfig.swift */,
				849E354725E5394E00189965 /* LocationDbConfig.swift */,
				8467E32825E2A09D00EC6B4E /* LocationConfig.swift */,
				84EA839525E6491100C60294 /* AirApiConfig.swift */,
				8449E91F25E80BB5004754B3 /* HealthkitConfig.swift */,
			);
			path = config;
			sourceTree = "<group>";
		};
		8485F97C25DD89010021F35A /* Gif */ = {
			isa = PBXGroup;
			children = (
				8476413525DFBC22004DFCA1 /* loadong01.gif */,
				8485F9CF25DDAA6E0021F35A /* rain@3x.gif */,
				8485F9D025DDAA6F0021F35A /* rainMask@3x.gif */,
				84919ACC25E735C4006FA80C /* dust01@3x.gif */,
				84919AC925E735C4006FA80C /* dust02@3x.gif */,
				84919ACA25E735C4006FA80C /* dust03@3x.gif */,
				84919ACB25E735C4006FA80C /* dust04@3x.gif */,
				84919AD125E735C5006FA80C /* weather_cloudy@3x.gif */,
				84919ACF25E735C5006FA80C /* weather_rain@3x.gif */,
				84919ACE25E735C5006FA80C /* weather_snow@3x.gif */,
				84919AD025E735C5006FA80C /* weather_sun@3x.gif */,
				8485F9B025DDA7CD0021F35A /* snow@3x.gif */,
				8485F9B225DDA7CE0021F35A /* snowMask@3x.gif */,
				8485F9B125DDA7CD0021F35A /* sun@3x.gif */,
				8485F9AF25DDA7CD0021F35A /* sunMask@3x.gif */,
			);
			path = Gif;
			sourceTree = "<group>";
		};
		8489964225E8737B00031883 /* Weather */ = {
			isa = PBXGroup;
			children = (
				8489964725E8745A00031883 /* WeatherDetailViewController.swift */,
				8489964325E873A000031883 /* Weather.storyboard */,
			);
			path = Weather;
			sourceTree = "<group>";
		};
		84A6E3DF25DA5ECA00806DFF = {
			isa = PBXGroup;
			children = (
				84A6E3EA25DA5ECA00806DFF /* walkingDay */,
				84A6E3E925DA5ECA00806DFF /* Products */,
				8465C3F025DE47CF0078DEBB /* Frameworks */,
			);
			sourceTree = "<group>";
		};
		84A6E3E925DA5ECA00806DFF /* Products */ = {
			isa = PBXGroup;
			children = (
				84A6E3E825DA5ECA00806DFF /* walkingDay.app */,
			);
			name = Products;
			sourceTree = "<group>";
		};
		84A6E3EA25DA5ECA00806DFF /* walkingDay */ = {
			isa = PBXGroup;
			children = (
				842E33F125EA642800739CE3 /* SettingsPage */,
				845E3C7C25EA057A00EC64FC /* Intro */,
				8465C3EF25DE47CF0078DEBB /* walkingDay.entitlements */,
				8485F97C25DD89010021F35A /* Gif */,
				84A6E43325DA6AC100806DFF /* Realm */,
				84A6E43225DA6A8B00806DFF /* XIB */,
				8411458A25E3FEDB0053165F /* Location */,
				84A6E41425DA615300806DFF /* Memo */,
				8489964225E8737B00031883 /* Weather */,
				84EA839825E6A82E00C60294 /* Air */,
				8435E8B325E09D430012F1FB /* Menu */,
				84A6E41325DA610000806DFF /* Popup */,
				84A6E41225DA60F300806DFF /* Home */,
				84A6E41025DA608C00806DFF /* Extension */,
				84A6E3EB25DA5ECA00806DFF /* AppDelegate.swift */,
				84A6E3ED25DA5ECA00806DFF /* SceneDelegate.swift */,
				84A6E3EF25DA5ECA00806DFF /* ViewController.swift */,
				84A6E3F125DA5ECA00806DFF /* Main.storyboard */,
				84A6E3F425DA5ECB00806DFF /* Assets.xcassets */,
				84A6E3F625DA5ECB00806DFF /* LaunchScreen.storyboard */,
				84A6E3F925DA5ECB00806DFF /* Info.plist */,
				84A6E40925DA601F00806DFF /* walkingDay-Bridging-Header.h */,
			);
			path = walkingDay;
			sourceTree = "<group>";
		};
		84A6E41025DA608C00806DFF /* Extension */ = {
			isa = PBXGroup;
			children = (
				8467E32B25E2A0A500EC6B4E /* config */,
				84A6E42F25DA68BE00806DFF /* Extension.swift */,
				84A6E42125DA653500806DFF /* SubViewBackgroundDesign.swift */,
				84A6E41E25DA652900806DFF /* DefaultBtn.swift */,
				8415F84125DFFB80004EF3BF /* LoadingHUD.swift */,
			);
			path = Extension;
			sourceTree = "<group>";
		};
		84A6E41225DA60F300806DFF /* Home */ = {
			isa = PBXGroup;
			children = (
				84A6E41825DA633700806DFF /* HomeViewController.swift */,
				8465C40425DE94ED0078DEBB /* WalkDetailViewController.swift */,
				84B1BCED25DEC13800DACF89 /* StartViewController.swift */,
				84A6E41525DA632300806DFF /* Home.storyboard */,
			);
			path = Home;
			sourceTree = "<group>";
		};
		84A6E41325DA610000806DFF /* Popup */ = {
			isa = PBXGroup;
			children = (
				84A6E44325DA77FB00806DFF /* PopupPickerViewController.swift */,
				84A6E41B25DA64D800806DFF /* PopupDatePickerViewController.swift */,
				84A6E42C25DA681600806DFF /* PopupView.storyboard */,
			);
			path = Popup;
			sourceTree = "<group>";
		};
		84A6E41425DA615300806DFF /* Memo */ = {
			isa = PBXGroup;
			children = (
				84A6E42425DA659C00806DFF /* TodoListDetailViewController.swift */,
				84A6E42525DA659C00806DFF /* TodoListViewController.swift */,
				84A6E42925DA65F900806DFF /* Todo.storyboard */,
			);
			path = Memo;
			sourceTree = "<group>";
		};
		84A6E43225DA6A8B00806DFF /* XIB */ = {
			isa = PBXGroup;
			children = (
				84A6E43425DA6AEF00806DFF /* TodoTableViewCell.swift */,
				84A6E43525DA6AEF00806DFF /* TodoTableViewCell.xib */,
				84A6E43925DA6B1400806DFF /* TodoInsertTableViewCell.swift */,
				84A6E43A25DA6B1400806DFF /* TodoInsertTableViewCell.xib */,
				8465C3FB25DE54EB0078DEBB /* WalkCollectionViewCell.swift */,
				8465C3FC25DE54EB0078DEBB /* WalkCollectionViewCell.xib */,
				8435E8C325E0AD2D0012F1FB /* SingleTableViewCell.swift */,
				8435E8C425E0AD2D0012F1FB /* SingleTableViewCell.xib */,
				842F7AA525E49313005736D6 /* LocationListTableViewCell.swift */,
				842F7AA625E49313005736D6 /* LocationListTableViewCell.xib */,
				8419294F25E6AE4700D3F5B5 /* AirDetailCollectionViewCell.swift */,
				8419295025E6AE4700D3F5B5 /* AirDetailCollectionViewCell.xib */,
				845EA94E25E8FC3A00ABBFF3 /* SingleBoxTableViewCell.swift */,
				845EA94F25E8FC3A00ABBFF3 /* SingleBoxTableViewCell.xib */,
				845E3C8425EA09A500EC64FC /* IntroCollectionViewCell.swift */,
				845E3C8525EA09A500EC64FC /* IntroCollectionViewCell.xib */,
				8477BC4A25EB20600018C3C0 /* BannerDotCollectionViewCell.swift */,
				8477BC4B25EB20600018C3C0 /* BannerDotCollectionViewCell.xib */,
			);
			path = XIB;
			sourceTree = "<group>";
		};
		84A6E43325DA6AC100806DFF /* Realm */ = {
			isa = PBXGroup;
			children = (
				84A6E44E25DA944E00806DFF /* RealmModel.swift */,
			);
			path = Realm;
			sourceTree = "<group>";
		};
		84EA839825E6A82E00C60294 /* Air */ = {
			isa = PBXGroup;
			children = (
				84EA839C25E6A88000C60294 /* AirDetailViewController.swift */,
				84EA839925E6A86300C60294 /* Air.storyboard */,
			);
			path = Air;
			sourceTree = "<group>";
		};
/* End PBXGroup section */

/* Begin PBXNativeTarget section */
		84A6E3E725DA5ECA00806DFF /* walkingDay */ = {
			isa = PBXNativeTarget;
			buildConfigurationList = 84A6E3FC25DA5ECB00806DFF /* Build configuration list for PBXNativeTarget "walkingDay" */;
			buildPhases = (
				84A6E3E425DA5ECA00806DFF /* Sources */,
				84A6E3E525DA5ECA00806DFF /* Frameworks */,
				84A6E3E625DA5ECA00806DFF /* Resources */,
			);
			buildRules = (
			);
			dependencies = (
			);
			name = walkingDay;
			packageProductDependencies = (
				84A6E40225DA5F1F00806DFF /* FSCalendar */,
				84A6E40625DA5F5D00806DFF /* IQKeyboardManagerSwift */,
				84A6E44925DA93DF00806DFF /* Realm */,
				84A6E44B25DA93DF00806DFF /* RealmSwift */,
				8485F99D25DD8C7E0021F35A /* SwiftyGif */,
				84EA838E25E639E300C60294 /* SwiftyJSON */,
				84EA839225E63A2B00C60294 /* Alamofire */,
			);
			productName = walkingDay;
			productReference = 84A6E3E825DA5ECA00806DFF /* walkingDay.app */;
			productType = "com.apple.product-type.application";
		};
/* End PBXNativeTarget section */

/* Begin PBXProject section */
		84A6E3E025DA5ECA00806DFF /* Project object */ = {
			isa = PBXProject;
			attributes = {
				LastSwiftUpdateCheck = 1240;
				LastUpgradeCheck = 1240;
				TargetAttributes = {
					84A6E3E725DA5ECA00806DFF = {
						CreatedOnToolsVersion = 12.4;
						LastSwiftMigration = 1240;
					};
				};
			};
			buildConfigurationList = 84A6E3E325DA5ECA00806DFF /* Build configuration list for PBXProject "walkingDay" */;
			compatibilityVersion = "Xcode 9.3";
			developmentRegion = en;
			hasScannedForEncodings = 0;
			knownRegions = (
				en,
				Base,
				ko,
			);
			mainGroup = 84A6E3DF25DA5ECA00806DFF;
			packageReferences = (
				84A6E40125DA5F1F00806DFF /* XCRemoteSwiftPackageReference "FSCalendar" */,
				84A6E40525DA5F5D00806DFF /* XCRemoteSwiftPackageReference "IQKeyboardManager" */,
				84A6E44825DA93DF00806DFF /* XCRemoteSwiftPackageReference "realm-cocoa" */,
				8485F99C25DD8C7E0021F35A /* XCRemoteSwiftPackageReference "SwiftyGif" */,
				84EA838D25E639E300C60294 /* XCRemoteSwiftPackageReference "SwiftyJSON" */,
				84EA839125E63A2B00C60294 /* XCRemoteSwiftPackageReference "Alamofire" */,
			);
			productRefGroup = 84A6E3E925DA5ECA00806DFF /* Products */;
			projectDirPath = "";
			projectRoot = "";
			targets = (
				84A6E3E725DA5ECA00806DFF /* walkingDay */,
			);
		};
/* End PBXProject section */

/* Begin PBXResourcesBuildPhase section */
		84A6E3E625DA5ECA00806DFF /* Resources */ = {
			isa = PBXResourcesBuildPhase;
			buildActionMask = 2147483647;
			files = (
				84A6E3F825DA5ECB00806DFF /* LaunchScreen.storyboard in Resources */,
				8419295225E6AE4700D3F5B5 /* AirDetailCollectionViewCell.xib in Resources */,
				84A6E43725DA6AEF00806DFF /* TodoTableViewCell.xib in Resources */,
				8485F9B725DDA7CE0021F35A /* sun@3x.gif in Resources */,
				84919AD725E735C5006FA80C /* weather_snow@3x.gif in Resources */,
				84A6E43C25DA6B1400806DFF /* TodoInsertTableViewCell.xib in Resources */,
				8485F9D125DDAA6F0021F35A /* rain@3x.gif in Resources */,
				8435E8C625E0AD2D0012F1FB /* SingleTableViewCell.xib in Resources */,
				8477BC4D25EB20600018C3C0 /* BannerDotCollectionViewCell.xib in Resources */,
				8485F9B625DDA7CE0021F35A /* snow@3x.gif in Resources */,
				84919AD225E735C5006FA80C /* dust02@3x.gif in Resources */,
				8411458D25E3FEFF0053165F /* Location.storyboard in Resources */,
				84A6E42A25DA65F900806DFF /* Todo.storyboard in Resources */,
				84A6E3F525DA5ECB00806DFF /* Assets.xcassets in Resources */,
				8485F9B825DDA7CE0021F35A /* snowMask@3x.gif in Resources */,
				8485F9D225DDAA6F0021F35A /* rainMask@3x.gif in Resources */,
				84919AD825E735C5006FA80C /* weather_rain@3x.gif in Resources */,
				84A6E42D25DA681600806DFF /* PopupView.storyboard in Resources */,
				84919ADA25E735C5006FA80C /* weather_cloudy@3x.gif in Resources */,
				84919AD525E735C5006FA80C /* dust01@3x.gif in Resources */,
				84919AD325E735C5006FA80C /* dust03@3x.gif in Resources */,
				845E3C7E25EA05B800EC64FC /* Intro.storyboard in Resources */,
				8435E8BE25E0AAE10012F1FB /* Menu.storyboard in Resources */,
				8465C3FE25DE54EB0078DEBB /* WalkCollectionViewCell.xib in Resources */,
				84919AD925E735C5006FA80C /* weather_sun@3x.gif in Resources */,
				8476413725DFBC22004DFCA1 /* loadong01.gif in Resources */,
				8489964425E873A000031883 /* Weather.storyboard in Resources */,
				845EA95125E8FC3A00ABBFF3 /* SingleBoxTableViewCell.xib in Resources */,
				8485F9B525DDA7CE0021F35A /* sunMask@3x.gif in Resources */,
				84A6E3F325DA5ECA00806DFF /* Main.storyboard in Resources */,
				845E3C8725EA09A500EC64FC /* IntroCollectionViewCell.xib in Resources */,
				842F7AA825E49313005736D6 /* LocationListTableViewCell.xib in Resources */,
				84A6E41625DA632300806DFF /* Home.storyboard in Resources */,
				84EA839A25E6A86300C60294 /* Air.storyboard in Resources */,
				84919AD425E735C5006FA80C /* dust04@3x.gif in Resources */,
				842E33F325EA659500739CE3 /* Settings.storyboard in Resources */,
			);
			runOnlyForDeploymentPostprocessing = 0;
		};
/* End PBXResourcesBuildPhase section */

/* Begin PBXSourcesBuildPhase section */
		84A6E3E425DA5ECA00806DFF /* Sources */ = {
			isa = PBXSourcesBuildPhase;
			buildActionMask = 2147483647;
			files = (
				8419295125E6AE4700D3F5B5 /* AirDetailCollectionViewCell.swift in Sources */,
				84A6E41C25DA64D800806DFF /* PopupDatePickerViewController.swift in Sources */,
				849E354825E5394E00189965 /* LocationDbConfig.swift in Sources */,
				8415F84225DFFB80004EF3BF /* LoadingHUD.swift in Sources */,
				8449E92025E80BB5004754B3 /* HealthkitConfig.swift in Sources */,
				845EA95025E8FC3A00ABBFF3 /* SingleBoxTableViewCell.swift in Sources */,
				84A6E44F25DA944E00806DFF /* RealmModel.swift in Sources */,
				84A6E3F025DA5ECA00806DFF /* ViewController.swift in Sources */,
				8476413C25DFD2AD004DFCA1 /* DeviceConfig.swift in Sources */,
				84A6E43B25DA6B1400806DFF /* TodoInsertTableViewCell.swift in Sources */,
				8489964825E8745A00031883 /* WeatherDetailViewController.swift in Sources */,
				84A6E44425DA77FB00806DFF /* PopupPickerViewController.swift in Sources */,
				84A6E41F25DA652900806DFF /* DefaultBtn.swift in Sources */,
				84A6E42225DA653500806DFF /* SubViewBackgroundDesign.swift in Sources */,
				84A6E3EC25DA5ECA00806DFF /* AppDelegate.swift in Sources */,
				84EA839D25E6A88000C60294 /* AirDetailViewController.swift in Sources */,
				84A244FA25E7A3AB00707C64 /* WeatherApiConfig.swift in Sources */,
				8435E8C125E0AB530012F1FB /* MenuViewController.swift in Sources */,
				845D780F25EA7A5E00543151 /* SettingsDetailViewController.swift in Sources */,
				84A6E43025DA68BE00806DFF /* Extension.swift in Sources */,
				845E3C8625EA09A500EC64FC /* IntroCollectionViewCell.swift in Sources */,
				8411459425E3FF4B0053165F /* LocationSearchViewController.swift in Sources */,
				84A6E42625DA659C00806DFF /* TodoListDetailViewController.swift in Sources */,
				84B1BCEE25DEC13800DACF89 /* StartViewController.swift in Sources */,
				8465C40525DE94ED0078DEBB /* WalkDetailViewController.swift in Sources */,
				8435E8C525E0AD2D0012F1FB /* SingleTableViewCell.swift in Sources */,
				842E33F625EA65BD00739CE3 /* SettingsViewController.swift in Sources */,
				84A6E43625DA6AEF00806DFF /* TodoTableViewCell.swift in Sources */,
				8465C3FD25DE54EB0078DEBB /* WalkCollectionViewCell.swift in Sources */,
				84A6E42725DA659C00806DFF /* TodoListViewController.swift in Sources */,
				84EA839625E6491100C60294 /* AirApiConfig.swift in Sources */,
				8467E32925E2A09D00EC6B4E /* LocationConfig.swift in Sources */,
				84A6E3EE25DA5ECA00806DFF /* SceneDelegate.swift in Sources */,
				8477BC4C25EB20600018C3C0 /* BannerDotCollectionViewCell.swift in Sources */,
				845E3C8125EA060E00EC64FC /* IntroViewController.swift in Sources */,
				84A6E41925DA633700806DFF /* HomeViewController.swift in Sources */,
				8411459025E3FF1F0053165F /* LocationListViewController.swift in Sources */,
				842F7AA725E49313005736D6 /* LocationListTableViewCell.swift in Sources */,
				8435E8BB25E09F360012F1FB /* MemoDbConfig.swift in Sources */,
			);
			runOnlyForDeploymentPostprocessing = 0;
		};
/* End PBXSourcesBuildPhase section */

/* Begin PBXVariantGroup section */
		84A6E3F125DA5ECA00806DFF /* Main.storyboard */ = {
			isa = PBXVariantGroup;
			children = (
				8407308A25EDD6AD008CBA48 /* ko */,
			);
			name = Main.storyboard;
			sourceTree = "<group>";
		};
		84A6E3F625DA5ECB00806DFF /* LaunchScreen.storyboard */ = {
			isa = PBXVariantGroup;
			children = (
				8407308B25EDD6B0008CBA48 /* ko */,
			);
			name = LaunchScreen.storyboard;
			sourceTree = "<group>";
		};
/* End PBXVariantGroup section */

/* Begin XCBuildConfiguration section */
		84A6E3FA25DA5ECB00806DFF /* Debug */ = {
			isa = XCBuildConfiguration;
			buildSettings = {
				ALWAYS_SEARCH_USER_PATHS = NO;
				CLANG_ANALYZER_LOCALIZABILITY_NONLOCALIZED = YES;
				CLANG_ANALYZER_NONNULL = YES;
				CLANG_ANALYZER_NUMBER_OBJECT_CONVERSION = YES_AGGRESSIVE;
				CLANG_CXX_LANGUAGE_STANDARD = "gnu++14";
				CLANG_CXX_LIBRARY = "libc++";
				CLANG_ENABLE_MODULES = YES;
				CLANG_ENABLE_OBJC_ARC = YES;
				CLANG_ENABLE_OBJC_WEAK = YES;
				CLANG_WARN_BLOCK_CAPTURE_AUTORELEASING = YES;
				CLANG_WARN_BOOL_CONVERSION = YES;
				CLANG_WARN_COMMA = YES;
				CLANG_WARN_CONSTANT_CONVERSION = YES;
				CLANG_WARN_DEPRECATED_OBJC_IMPLEMENTATIONS = YES;
				CLANG_WARN_DIRECT_OBJC_ISA_USAGE = YES_ERROR;
				CLANG_WARN_DOCUMENTATION_COMMENTS = YES;
				CLANG_WARN_EMPTY_BODY = YES;
				CLANG_WARN_ENUM_CONVERSION = YES;
				CLANG_WARN_INFINITE_RECURSION = YES;
				CLANG_WARN_INT_CONVERSION = YES;
				CLANG_WARN_NON_LITERAL_NULL_CONVERSION = YES;
				CLANG_WARN_OBJC_IMPLICIT_RETAIN_SELF = YES;
				CLANG_WARN_OBJC_LITERAL_CONVERSION = YES;
				CLANG_WARN_OBJC_ROOT_CLASS = YES_ERROR;
				CLANG_WARN_QUOTED_INCLUDE_IN_FRAMEWORK_HEADER = YES;
				CLANG_WARN_RANGE_LOOP_ANALYSIS = YES;
				CLANG_WARN_STRICT_PROTOTYPES = YES;
				CLANG_WARN_SUSPICIOUS_MOVE = YES;
				CLANG_WARN_UNGUARDED_AVAILABILITY = YES_AGGRESSIVE;
				CLANG_WARN_UNREACHABLE_CODE = YES;
				CLANG_WARN__DUPLICATE_METHOD_MATCH = YES;
				COPY_PHASE_STRIP = NO;
				DEBUG_INFORMATION_FORMAT = dwarf;
				ENABLE_STRICT_OBJC_MSGSEND = YES;
				ENABLE_TESTABILITY = YES;
				GCC_C_LANGUAGE_STANDARD = gnu11;
				GCC_DYNAMIC_NO_PIC = NO;
				GCC_NO_COMMON_BLOCKS = YES;
				GCC_OPTIMIZATION_LEVEL = 0;
				GCC_PREPROCESSOR_DEFINITIONS = (
					"DEBUG=1",
					"$(inherited)",
				);
				GCC_WARN_64_TO_32_BIT_CONVERSION = YES;
				GCC_WARN_ABOUT_RETURN_TYPE = YES_ERROR;
				GCC_WARN_UNDECLARED_SELECTOR = YES;
				GCC_WARN_UNINITIALIZED_AUTOS = YES_AGGRESSIVE;
				GCC_WARN_UNUSED_FUNCTION = YES;
				GCC_WARN_UNUSED_VARIABLE = YES;
				IPHONEOS_DEPLOYMENT_TARGET = 14.4;
				MTL_ENABLE_DEBUG_INFO = INCLUDE_SOURCE;
				MTL_FAST_MATH = YES;
				ONLY_ACTIVE_ARCH = YES;
				SDKROOT = iphoneos;
				SWIFT_ACTIVE_COMPILATION_CONDITIONS = DEBUG;
				SWIFT_OPTIMIZATION_LEVEL = "-Onone";
			};
			name = Debug;
		};
		84A6E3FB25DA5ECB00806DFF /* Release */ = {
			isa = XCBuildConfiguration;
			buildSettings = {
				ALWAYS_SEARCH_USER_PATHS = NO;
				CLANG_ANALYZER_LOCALIZABILITY_NONLOCALIZED = YES;
				CLANG_ANALYZER_NONNULL = YES;
				CLANG_ANALYZER_NUMBER_OBJECT_CONVERSION = YES_AGGRESSIVE;
				CLANG_CXX_LANGUAGE_STANDARD = "gnu++14";
				CLANG_CXX_LIBRARY = "libc++";
				CLANG_ENABLE_MODULES = YES;
				CLANG_ENABLE_OBJC_ARC = YES;
				CLANG_ENABLE_OBJC_WEAK = YES;
				CLANG_WARN_BLOCK_CAPTURE_AUTORELEASING = YES;
				CLANG_WARN_BOOL_CONVERSION = YES;
				CLANG_WARN_COMMA = YES;
				CLANG_WARN_CONSTANT_CONVERSION = YES;
				CLANG_WARN_DEPRECATED_OBJC_IMPLEMENTATIONS = YES;
				CLANG_WARN_DIRECT_OBJC_ISA_USAGE = YES_ERROR;
				CLANG_WARN_DOCUMENTATION_COMMENTS = YES;
				CLANG_WARN_EMPTY_BODY = YES;
				CLANG_WARN_ENUM_CONVERSION = YES;
				CLANG_WARN_INFINITE_RECURSION = YES;
				CLANG_WARN_INT_CONVERSION = YES;
				CLANG_WARN_NON_LITERAL_NULL_CONVERSION = YES;
				CLANG_WARN_OBJC_IMPLICIT_RETAIN_SELF = YES;
				CLANG_WARN_OBJC_LITERAL_CONVERSION = YES;
				CLANG_WARN_OBJC_ROOT_CLASS = YES_ERROR;
				CLANG_WARN_QUOTED_INCLUDE_IN_FRAMEWORK_HEADER = YES;
				CLANG_WARN_RANGE_LOOP_ANALYSIS = YES;
				CLANG_WARN_STRICT_PROTOTYPES = YES;
				CLANG_WARN_SUSPICIOUS_MOVE = YES;
				CLANG_WARN_UNGUARDED_AVAILABILITY = YES_AGGRESSIVE;
				CLANG_WARN_UNREACHABLE_CODE = YES;
				CLANG_WARN__DUPLICATE_METHOD_MATCH = YES;
				COPY_PHASE_STRIP = NO;
				DEBUG_INFORMATION_FORMAT = "dwarf-with-dsym";
				ENABLE_NS_ASSERTIONS = NO;
				ENABLE_STRICT_OBJC_MSGSEND = YES;
				GCC_C_LANGUAGE_STANDARD = gnu11;
				GCC_NO_COMMON_BLOCKS = YES;
				GCC_WARN_64_TO_32_BIT_CONVERSION = YES;
				GCC_WARN_ABOUT_RETURN_TYPE = YES_ERROR;
				GCC_WARN_UNDECLARED_SELECTOR = YES;
				GCC_WARN_UNINITIALIZED_AUTOS = YES_AGGRESSIVE;
				GCC_WARN_UNUSED_FUNCTION = YES;
				GCC_WARN_UNUSED_VARIABLE = YES;
				IPHONEOS_DEPLOYMENT_TARGET = 14.4;
				MTL_ENABLE_DEBUG_INFO = NO;
				MTL_FAST_MATH = YES;
				SDKROOT = iphoneos;
				SWIFT_COMPILATION_MODE = wholemodule;
				SWIFT_OPTIMIZATION_LEVEL = "-O";
				VALIDATE_PRODUCT = YES;
			};
			name = Release;
		};
		84A6E3FD25DA5ECB00806DFF /* Debug */ = {
			isa = XCBuildConfiguration;
			buildSettings = {
				ASSETCATALOG_COMPILER_APPICON_NAME = AppIcon;
				ASSETCATALOG_COMPILER_GLOBAL_ACCENT_COLOR_NAME = AccentColor;
				CLANG_ENABLE_MODULES = YES;
				CODE_SIGN_ENTITLEMENTS = walkingDay/walkingDay.entitlements;
				CODE_SIGN_STYLE = Automatic;
				CURRENT_PROJECT_VERSION = 1;
				DEVELOPMENT_TEAM = FWT45ZL3HF;
				INFOPLIST_FILE = walkingDay/Info.plist;
				IPHONEOS_DEPLOYMENT_TARGET = 12.0;
				LD_RUNPATH_SEARCH_PATHS = (
					"$(inherited)",
					"@executable_path/Frameworks",
				);
				MARKETING_VERSION = 1.10;
				PRODUCT_BUNDLE_IDENTIFIER = com.injunHong.walkingDay.walkingDay;
				PRODUCT_NAME = "$(TARGET_NAME)";
				SWIFT_OBJC_BRIDGING_HEADER = "walkingDay/walkingDay-Bridging-Header.h";
				SWIFT_OPTIMIZATION_LEVEL = "-Onone";
				SWIFT_VERSION = 5.0;
				TARGETED_DEVICE_FAMILY = 1;
			};
			name = Debug;
		};
		84A6E3FE25DA5ECB00806DFF /* Release */ = {
			isa = XCBuildConfiguration;
			buildSettings = {
				ASSETCATALOG_COMPILER_APPICON_NAME = AppIcon;
				ASSETCATALOG_COMPILER_GLOBAL_ACCENT_COLOR_NAME = AccentColor;
				CLANG_ENABLE_MODULES = YES;
				CODE_SIGN_ENTITLEMENTS = walkingDay/walkingDay.entitlements;
				CODE_SIGN_STYLE = Automatic;
				CURRENT_PROJECT_VERSION = 1;
				DEVELOPMENT_TEAM = FWT45ZL3HF;
				INFOPLIST_FILE = walkingDay/Info.plist;
				IPHONEOS_DEPLOYMENT_TARGET = 12.0;
				LD_RUNPATH_SEARCH_PATHS = (
					"$(inherited)",
					"@executable_path/Frameworks",
				);
				MARKETING_VERSION = 1.10;
				PRODUCT_BUNDLE_IDENTIFIER = com.injunHong.walkingDay.walkingDay;
				PRODUCT_NAME = "$(TARGET_NAME)";
				SWIFT_OBJC_BRIDGING_HEADER = "walkingDay/walkingDay-Bridging-Header.h";
				SWIFT_VERSION = 5.0;
				TARGETED_DEVICE_FAMILY = 1;
			};
			name = Release;
		};
/* End XCBuildConfiguration section */

/* Begin XCConfigurationList section */
		84A6E3E325DA5ECA00806DFF /* Build configuration list for PBXProject "walkingDay" */ = {
			isa = XCConfigurationList;
			buildConfigurations = (
				84A6E3FA25DA5ECB00806DFF /* Debug */,
				84A6E3FB25DA5ECB00806DFF /* Release */,
			);
			defaultConfigurationIsVisible = 0;
			defaultConfigurationName = Release;
		};
		84A6E3FC25DA5ECB00806DFF /* Build configuration list for PBXNativeTarget "walkingDay" */ = {
			isa = XCConfigurationList;
			buildConfigurations = (
				84A6E3FD25DA5ECB00806DFF /* Debug */,
				84A6E3FE25DA5ECB00806DFF /* Release */,
			);
			defaultConfigurationIsVisible = 0;
			defaultConfigurationName = Release;
		};
/* End XCConfigurationList section */

/* Begin XCRemoteSwiftPackageReference section */
		8485F99C25DD8C7E0021F35A /* XCRemoteSwiftPackageReference "SwiftyGif" */ = {
			isa = XCRemoteSwiftPackageReference;
			repositoryURL = "https://github.com/kirualex/SwiftyGif.git";
			requirement = {
				kind = upToNextMajorVersion;
				minimumVersion = 5.4.0;
			};
		};
		84A6E40125DA5F1F00806DFF /* XCRemoteSwiftPackageReference "FSCalendar" */ = {
			isa = XCRemoteSwiftPackageReference;
			repositoryURL = "https://github.com/WenchaoD/FSCalendar.git";
			requirement = {
				kind = upToNextMajorVersion;
				minimumVersion = 2.8.2;
			};
		};
		84A6E40525DA5F5D00806DFF /* XCRemoteSwiftPackageReference "IQKeyboardManager" */ = {
			isa = XCRemoteSwiftPackageReference;
			repositoryURL = "https://github.com/hackiftekhar/IQKeyboardManager.git";
			requirement = {
				kind = upToNextMajorVersion;
				minimumVersion = 6.5.6;
			};
		};
		84A6E44825DA93DF00806DFF /* XCRemoteSwiftPackageReference "realm-cocoa" */ = {
			isa = XCRemoteSwiftPackageReference;
			repositoryURL = "https://github.com/realm/realm-cocoa.git";
			requirement = {
				kind = upToNextMajorVersion;
				minimumVersion = 10.5.2;
			};
		};
		84EA838D25E639E300C60294 /* XCRemoteSwiftPackageReference "SwiftyJSON" */ = {
			isa = XCRemoteSwiftPackageReference;
			repositoryURL = "https://github.com/SwiftyJSON/SwiftyJSON.git";
			requirement = {
				kind = upToNextMajorVersion;
				minimumVersion = 5.0.0;
			};
		};
		84EA839125E63A2B00C60294 /* XCRemoteSwiftPackageReference "Alamofire" */ = {
			isa = XCRemoteSwiftPackageReference;
			repositoryURL = "https://github.com/Alamofire/Alamofire.git";
			requirement = {
				kind = upToNextMajorVersion;
				minimumVersion = 5.4.1;
			};
		};
/* End XCRemoteSwiftPackageReference section */

/* Begin XCSwiftPackageProductDependency section */
		8485F99D25DD8C7E0021F35A /* SwiftyGif */ = {
			isa = XCSwiftPackageProductDependency;
			package = 8485F99C25DD8C7E0021F35A /* XCRemoteSwiftPackageReference "SwiftyGif" */;
			productName = SwiftyGif;
		};
		84A6E40225DA5F1F00806DFF /* FSCalendar */ = {
			isa = XCSwiftPackageProductDependency;
			package = 84A6E40125DA5F1F00806DFF /* XCRemoteSwiftPackageReference "FSCalendar" */;
			productName = FSCalendar;
		};
		84A6E40625DA5F5D00806DFF /* IQKeyboardManagerSwift */ = {
			isa = XCSwiftPackageProductDependency;
			package = 84A6E40525DA5F5D00806DFF /* XCRemoteSwiftPackageReference "IQKeyboardManager" */;
			productName = IQKeyboardManagerSwift;
		};
		84A6E44925DA93DF00806DFF /* Realm */ = {
			isa = XCSwiftPackageProductDependency;
			package = 84A6E44825DA93DF00806DFF /* XCRemoteSwiftPackageReference "realm-cocoa" */;
			productName = Realm;
		};
		84A6E44B25DA93DF00806DFF /* RealmSwift */ = {
			isa = XCSwiftPackageProductDependency;
			package = 84A6E44825DA93DF00806DFF /* XCRemoteSwiftPackageReference "realm-cocoa" */;
			productName = RealmSwift;
		};
		84EA838E25E639E300C60294 /* SwiftyJSON */ = {
			isa = XCSwiftPackageProductDependency;
			package = 84EA838D25E639E300C60294 /* XCRemoteSwiftPackageReference "SwiftyJSON" */;
			productName = SwiftyJSON;
		};
		84EA839225E63A2B00C60294 /* Alamofire */ = {
			isa = XCSwiftPackageProductDependency;
			package = 84EA839125E63A2B00C60294 /* XCRemoteSwiftPackageReference "Alamofire" */;
			productName = Alamofire;
		};
/* End XCSwiftPackageProductDependency section */
	};
	rootObject = 84A6E3E025DA5ECA00806DFF /* Project object */;
}
